
Microsoft Visual Studio Solution File, Format Version 12.00
# Visual Studio Version 16
VisualStudioVersion = 16.0.28803.352
MinimumVisualStudioVersion = 10.0.40219.1
Project("{9A19103F-16F7-4668-BE54-9A1E7A4F7556}") = "OffSync.Apps.Codegen.Domain", "src\OffSync.Apps.Codegen.Domain\OffSync.Apps.Codegen.Domain.csproj", "{D055C4DC-2741-49BD-8EE9-9640F55C6F26}"
EndProject
Project("{9A19103F-16F7-4668-BE54-9A1E7A4F7556}") = "OffSync.Apps.Codegen.Application", "src\OffSync.Apps.Codegen.Application\OffSync.Apps.Codegen.Application.csproj", "{7F6DE417-269C-44BF-BFF1-8124B638D0CC}"
EndProject
Project("{9A19103F-16F7-4668-BE54-9A1E7A4F7556}") = "OffSync.Apps.Practises", "..\apps-practises\src\OffSync.Apps.Practises\OffSync.Apps.Practises.csproj", "{663BD02B-B6D3-423E-ACCC-73630C25293C}"
EndProject
Project("{9A19103F-16F7-4668-BE54-9A1E7A4F7556}") = "OffSync.Apps.Codegen.Infra.PlantUml", "src\OffSync.Apps.Codegen.Infra.PlantUml\OffSync.Apps.Codegen.Infra.PlantUml.csproj", "{C5DC5EC0-75F1-490F-AA48-3D6F9128E5F1}"
EndProject
Project("{9A19103F-16F7-4668-BE54-9A1E7A4F7556}") = "OffSync.Apps.Codegen.CoreProbe", "src\OffSync.Apps.Codegen.CoreProbe\OffSync.Apps.Codegen.CoreProbe.csproj", "{91366689-3C32-418A-A714-2365C12EB586}"
EndProject
Project("{FAE04EC0-301F-11D3-BF4B-00C04F79EFBC}") = "OffSync.Apps.Codegen.Infra.PlantUml.Tests", "test\OffSync.Apps.Codegen.Infra.PlantUml.Tests\OffSync.Apps.Codegen.Infra.PlantUml.Tests.csproj", "{C252BD76-0053-410E-86E9-56C8DBE78A07}"
EndProject
Global
	GlobalSection(SolutionConfigurationPlatforms) = preSolution
		Debug|Any CPU = Debug|Any CPU
		Release|Any CPU = Release|Any CPU
	EndGlobalSection
	GlobalSection(ProjectConfigurationPlatforms) = postSolution
		{D055C4DC-2741-49BD-8EE9-9640F55C6F26}.Debug|Any CPU.ActiveCfg = Debug|Any CPU
		{D055C4DC-2741-49BD-8EE9-9640F55C6F26}.Debug|Any CPU.Build.0 = Debug|Any CPU
		{D055C4DC-2741-49BD-8EE9-9640F55C6F26}.Release|Any CPU.ActiveCfg = Release|Any CPU
		{D055C4DC-2741-49BD-8EE9-9640F55C6F26}.Release|Any CPU.Build.0 = Release|Any CPU
		{7F6DE417-269C-44BF-BFF1-8124B638D0CC}.Debug|Any CPU.ActiveCfg = Debug|Any CPU
		{7F6DE417-269C-44BF-BFF1-8124B638D0CC}.Debug|Any CPU.Build.0 = Debug|Any CPU
		{7F6DE417-269C-44BF-BFF1-8124B638D0CC}.Release|Any CPU.ActiveCfg = Release|Any CPU
		{7F6DE417-269C-44BF-BFF1-8124B638D0CC}.Release|Any CPU.Build.0 = Release|Any CPU
		{663BD02B-B6D3-423E-ACCC-73630C25293C}.Debug|Any CPU.ActiveCfg = Debug|Any CPU
		{663BD02B-B6D3-423E-ACCC-73630C25293C}.Debug|Any CPU.Build.0 = Debug|Any CPU
		{663BD02B-B6D3-423E-ACCC-73630C25293C}.Release|Any CPU.ActiveCfg = Release|Any CPU
		{663BD02B-B6D3-423E-ACCC-73630C25293C}.Release|Any CPU.Build.0 = Release|Any CPU
		{C5DC5EC0-75F1-490F-AA48-3D6F9128E5F1}.Debug|Any CPU.ActiveCfg = Debug|Any CPU
		{C5DC5EC0-75F1-490F-AA48-3D6F9128E5F1}.Debug|Any CPU.Build.0 = Debug|Any CPU
		{C5DC5EC0-75F1-490F-AA48-3D6F9128E5F1}.Release|Any CPU.ActiveCfg = Release|Any CPU
		{C5DC5EC0-75F1-490F-AA48-3D6F9128E5F1}.Release|Any CPU.Build.0 = Release|Any CPU
		{91366689-3C32-418A-A714-2365C12EB586}.Debug|Any CPU.ActiveCfg = Debug|Any CPU
		{91366689-3C32-418A-A714-2365C12EB586}.Debug|Any CPU.Build.0 = Debug|Any CPU
		{91366689-3C32-418A-A714-2365C12EB586}.Release|Any CPU.ActiveCfg = Release|Any CPU
		{91366689-3C32-418A-A714-2365C12EB586}.Release|Any CPU.Build.0 = Release|Any CPU
		{C252BD76-0053-410E-86E9-56C8DBE78A07}.Debug|Any CPU.ActiveCfg = Debug|Any CPU
		{C252BD76-0053-410E-86E9-56C8DBE78A07}.Debug|Any CPU.Build.0 = Debug|Any CPU
		{C252BD76-0053-410E-86E9-56C8DBE78A07}.Release|Any CPU.ActiveCfg = Release|Any CPU
		{C252BD76-0053-410E-86E9-56C8DBE78A07}.Release|Any CPU.Build.0 = Release|Any CPU
	EndGlobalSection
	GlobalSection(SolutionProperties) = preSolution
		HideSolutionNode = FALSE
	EndGlobalSection
	GlobalSection(ExtensibilityGlobals) = postSolution
		SolutionGuid = {486009D7-F890-494C-8A33-7F3AF84BBE4B}
	EndGlobalSection
EndGlobal
